{
    "_readme": [
        "This file locks the dependencies of your project to a known state",
        "Read more about it at https://getcomposer.org/doc/01-basic-usage.md#installing-dependencies",
        "This file is @generated automatically"
    ],
    "content-hash": "e6b6d9c7706c1524dcd5dbaab931bc7e",
    "packages": [
        {
            "name": "brezgalov/api-wrapper",
            "version": "v1.0",
            "source": {
                "type": "git",
                "url": "https://github.com/Brezgalov/api-wrapper.git",
                "reference": "287c27b9bf60d7f47039c21884e4dc104cb022ef"
            },
            "dist": {
                "type": "zip",
                "url": "https://api.github.com/repos/Brezgalov/api-wrapper/zipball/287c27b9bf60d7f47039c21884e4dc104cb022ef",
                "reference": "287c27b9bf60d7f47039c21884e4dc104cb022ef",
                "shasum": ""
            },
            "require": {
                "ext-curl": "*",
                "php": ">=5.4.0"
            },
            "type": "library",
            "autoload": {
                "psr-4": {
                    "brezgalov\\ApiWrapper\\": "src/"
                }
            },
            "notification-url": "https://packagist.org/downloads/",
            "license": [
                "MIT"
            ],
            "authors": [
                {
                    "name": "Oleg Brezgalov",
                    "email": "oleg.brezgalov@gmail.com"
                }
            ],
            "description": "Api client base classes",
            "time": "2019-01-11T11:56:04+00:00"
        },
        {
            "name": "brezgalov/gmaps-api-client",
            "version": "v1.0",
            "source": {
                "type": "git",
                "url": "https://github.com/Brezgalov/gmaps-api-client.git",
                "reference": "4562a1fabb590d2c9a62393d67ceab68f1dba1de"
            },
            "dist": {
                "type": "zip",
                "url": "https://api.github.com/repos/Brezgalov/gmaps-api-client/zipball/4562a1fabb590d2c9a62393d67ceab68f1dba1de",
                "reference": "4562a1fabb590d2c9a62393d67ceab68f1dba1de",
                "shasum": ""
            },
            "require": {
                "brezgalov/api-wrapper": "^1.0",
                "ext-curl": "*",
                "php": ">=5.4.0"
            },
            "type": "library",
            "autoload": {
                "psr-4": {
                    "brezgalov\\GmapsApiClient\\": "src/"
                }
            },
            "notification-url": "https://packagist.org/downloads/",
            "license": [
                "MIT"
            ],
            "authors": [
                {
                    "name": "Oleg Brezgalov",
                    "email": "oleg.brezgalov@gmail.com"
                }
            ],
            "description": "Google maps api client",
            "time": "2019-01-11T12:47:22+00:00"
        },
        {
            "name": "brezgalov/i-point",
            "version": "v1.0",
            "source": {
                "type": "git",
                "url": "https://github.com/Brezgalov/i-point.git",
                "reference": "d6dd2c60eb93d4ee37fccbfc85413c267fa4c0da"
            },
            "dist": {
                "type": "zip",
                "url": "https://api.github.com/repos/Brezgalov/i-point/zipball/d6dd2c60eb93d4ee37fccbfc85413c267fa4c0da",
                "reference": "d6dd2c60eb93d4ee37fccbfc85413c267fa4c0da",
                "shasum": ""
            },
            "require": {
                "php": ">=5.4.0"
            },
            "type": "library",
            "autoload": {
                "psr-4": {
                    "Brezgalov\\IPoint\\": "src/"
                }
            },
            "notification-url": "https://packagist.org/downloads/",
            "license": [
                "MIT"
            ],
            "authors": [
                {
                    "name": "Oleg Brezgalov",
                    "email": "oleg.brezgalov@gmail.com"
                }
            ],
            "description": "geo point interface",
            "time": "2019-03-20T13:27:51+00:00"
        },
        {
            "name": "brezgalov/kladr-api-client",
            "version": "v1.0",
            "source": {
                "type": "git",
                "url": "https://github.com/Brezgalov/kladr-api-client.git",
                "reference": "013731dbd1a6375f55443ebc513337e679d11270"
            },
            "dist": {
                "type": "zip",
                "url": "https://api.github.com/repos/Brezgalov/kladr-api-client/zipball/013731dbd1a6375f55443ebc513337e679d11270",
                "reference": "013731dbd1a6375f55443ebc513337e679d11270",
                "shasum": ""
            },
            "require": {
                "brezgalov/api-wrapper": "^1.0",
                "ext-curl": "*",
                "php": ">=5.4.0"
            },
            "type": "library",
            "autoload": {
                "psr-4": {
                    "brezgalov\\KladrApiClient\\": "src/"
                }
            },
            "notification-url": "https://packagist.org/downloads/",
            "license": [
                "MIT"
            ],
            "authors": [
                {
                    "name": "Oleg Brezgalov",
                    "email": "oleg.brezgalov@gmail.com"
                }
            ],
            "description": "Api client for kladr api",
            "time": "2019-01-11T08:15:35+00:00"
        }
    ],
    "packages-dev": [],
    "aliases": [],
    "minimum-stability": "stable",
    "stability-flags": [],
    "prefer-stable": false,
    "prefer-lowest": false,
    "platform": {
        "php": ">=5.4.0",
        "ext-mbstring": "*"
    },
    "platform-dev": []
}
